
Microsoft Visual Studio Solution File, Format Version 12.00
# Visual Studio Version 17
VisualStudioVersion = 17.3.32819.101
MinimumVisualStudioVersion = 10.0.40219.1
Project("{FAE04EC0-301F-11D3-BF4B-00C04F79EFBC}") = "WPF_Tranning", "WPF_Tranning\WPF_Tranning.csproj", "{789995D6-5BFB-4B8F-8AE0-A6363C782617}"
EndProject
Project("{FAE04EC0-301F-11D3-BF4B-00C04F79EFBC}") = "CommomCode", "CommomCode\CommomCode.csproj", "{837260CE-F9D2-4A1B-B9BB-B5C129C990DC}"
EndProject
Project("{FAE04EC0-301F-11D3-BF4B-00C04F79EFBC}") = "AnotherPageProject", "AnotherWindow\AnotherPageProject.csproj", "{8840021F-58C7-4DFC-BB35-297E2F090030}"
EndProject
Project("{FAE04EC0-301F-11D3-BF4B-00C04F79EFBC}") = "UnitTestProject2", "UnitTestProject2\UnitTestProject2.csproj", "{1F15ED86-BAD3-4DDA-BAA6-2B2020F9854F}"
EndProject
Project("{FAE04EC0-301F-11D3-BF4B-00C04F79EFBC}") = "UnitTestProject_UI", "UnitTestProject_UI\UnitTestProject_UI.csproj", "{BF463E76-ECFB-44AF-B232-BC10B41058D5}"
EndProject
Project("{FAE04EC0-301F-11D3-BF4B-00C04F79EFBC}") = "SizeTest", "..\SizeTest\SizeTest\SizeTest.csproj", "{3D11B939-BAC9-4AD4-983F-9BD96032867A}"
EndProject
Project("{FAE04EC0-301F-11D3-BF4B-00C04F79EFBC}") = "AccordionControlSample", "AccordionControlSample\AccordionControlSample.csproj", "{46FBE75A-A4C9-4126-8CF0-709C61BBC4A2}"
EndProject
Project("{FAE04EC0-301F-11D3-BF4B-00C04F79EFBC}") = "TestCanvas", "TestProject\TestProject\TestCanvas.csproj", "{B3081D8E-02F5-4BEB-8AF5-B8531EC60411}"
EndProject
Global
	GlobalSection(SolutionConfigurationPlatforms) = preSolution
		Debug|Any CPU = Debug|Any CPU
		Release|Any CPU = Release|Any CPU
	EndGlobalSection
	GlobalSection(ProjectConfigurationPlatforms) = postSolution
		{789995D6-5BFB-4B8F-8AE0-A6363C782617}.Debug|Any CPU.ActiveCfg = Debug|Any CPU
		{789995D6-5BFB-4B8F-8AE0-A6363C782617}.Debug|Any CPU.Build.0 = Debug|Any CPU
		{789995D6-5BFB-4B8F-8AE0-A6363C782617}.Release|Any CPU.ActiveCfg = Release|Any CPU
		{789995D6-5BFB-4B8F-8AE0-A6363C782617}.Release|Any CPU.Build.0 = Release|Any CPU
		{837260CE-F9D2-4A1B-B9BB-B5C129C990DC}.Debug|Any CPU.ActiveCfg = Debug|Any CPU
		{837260CE-F9D2-4A1B-B9BB-B5C129C990DC}.Debug|Any CPU.Build.0 = Debug|Any CPU
		{837260CE-F9D2-4A1B-B9BB-B5C129C990DC}.Release|Any CPU.ActiveCfg = Release|Any CPU
		{837260CE-F9D2-4A1B-B9BB-B5C129C990DC}.Release|Any CPU.Build.0 = Release|Any CPU
		{8840021F-58C7-4DFC-BB35-297E2F090030}.Debug|Any CPU.ActiveCfg = Debug|Any CPU
		{8840021F-58C7-4DFC-BB35-297E2F090030}.Debug|Any CPU.Build.0 = Debug|Any CPU
		{8840021F-58C7-4DFC-BB35-297E2F090030}.Release|Any CPU.ActiveCfg = Release|Any CPU
		{8840021F-58C7-4DFC-BB35-297E2F090030}.Release|Any CPU.Build.0 = Release|Any CPU
		{1F15ED86-BAD3-4DDA-BAA6-2B2020F9854F}.Debug|Any CPU.ActiveCfg = Debug|Any CPU
		{1F15ED86-BAD3-4DDA-BAA6-2B2020F9854F}.Debug|Any CPU.Build.0 = Debug|Any CPU
		{1F15ED86-BAD3-4DDA-BAA6-2B2020F9854F}.Release|Any CPU.ActiveCfg = Release|Any CPU
		{1F15ED86-BAD3-4DDA-BAA6-2B2020F9854F}.Release|Any CPU.Build.0 = Release|Any CPU
		{BF463E76-ECFB-44AF-B232-BC10B41058D5}.Debug|Any CPU.ActiveCfg = Debug|Any CPU
		{BF463E76-ECFB-44AF-B232-BC10B41058D5}.Debug|Any CPU.Build.0 = Debug|Any CPU
		{BF463E76-ECFB-44AF-B232-BC10B41058D5}.Release|Any CPU.ActiveCfg = Release|Any CPU
		{BF463E76-ECFB-44AF-B232-BC10B41058D5}.Release|Any CPU.Build.0 = Release|Any CPU
		{3D11B939-BAC9-4AD4-983F-9BD96032867A}.Debug|Any CPU.ActiveCfg = Debug|Any CPU
		{3D11B939-BAC9-4AD4-983F-9BD96032867A}.Debug|Any CPU.Build.0 = Debug|Any CPU
		{3D11B939-BAC9-4AD4-983F-9BD96032867A}.Release|Any CPU.ActiveCfg = Release|Any CPU
		{3D11B939-BAC9-4AD4-983F-9BD96032867A}.Release|Any CPU.Build.0 = Release|Any CPU
		{46FBE75A-A4C9-4126-8CF0-709C61BBC4A2}.Debug|Any CPU.ActiveCfg = Debug|Any CPU
		{46FBE75A-A4C9-4126-8CF0-709C61BBC4A2}.Debug|Any CPU.Build.0 = Debug|Any CPU
		{46FBE75A-A4C9-4126-8CF0-709C61BBC4A2}.Release|Any CPU.ActiveCfg = Release|Any CPU
		{46FBE75A-A4C9-4126-8CF0-709C61BBC4A2}.Release|Any CPU.Build.0 = Release|Any CPU
		{B3081D8E-02F5-4BEB-8AF5-B8531EC60411}.Debug|Any CPU.ActiveCfg = Debug|Any CPU
		{B3081D8E-02F5-4BEB-8AF5-B8531EC60411}.Debug|Any CPU.Build.0 = Debug|Any CPU
		{B3081D8E-02F5-4BEB-8AF5-B8531EC60411}.Release|Any CPU.ActiveCfg = Release|Any CPU
		{B3081D8E-02F5-4BEB-8AF5-B8531EC60411}.Release|Any CPU.Build.0 = Release|Any CPU
	EndGlobalSection
	GlobalSection(SolutionProperties) = preSolution
		HideSolutionNode = FALSE
	EndGlobalSection
	GlobalSection(ExtensibilityGlobals) = postSolution
		SolutionGuid = {BF0BE364-130F-4281-B01E-999B080E86BE}
	EndGlobalSection
EndGlobal
